
Microsoft Visual Studio Solution File, Format Version 12.00
# Visual Studio Version 16
VisualStudioVersion = 16.0.30621.155
MinimumVisualStudioVersion = 10.0.40219.1
Project("{FAE04EC0-301F-11D3-BF4B-00C04F79EFBC}") = "GDI_Transformation", "GDI_Transformation\GDI_Transformation.csproj", "{FB55CED1-9A72-487C-B4F7-3A04CA918699}"
EndProject
Global
	GlobalSection(SolutionConfigurationPlatforms) = preSolution
		Debug|Any CPU = Debug|Any CPU
		Release|Any CPU = Release|Any CPU
	EndGlobalSection
	GlobalSection(ProjectConfigurationPlatforms) = postSolution
		{FB55CED1-9A72-487C-B4F7-3A04CA918699}.Debug|Any CPU.ActiveCfg = Debug|Any CPU
		{FB55CED1-9A72-487C-B4F7-3A04CA918699}.Debug|Any CPU.Build.0 = Debug|Any CPU
		{FB55CED1-9A72-487C-B4F7-3A04CA918699}.Release|Any CPU.ActiveCfg = Release|Any CPU
		{FB55CED1-9A72-487C-B4F7-3A04CA918699}.Release|Any CPU.Build.0 = Release|Any CPU
	EndGlobalSection
	GlobalSection(SolutionProperties) = preSolution
		HideSolutionNode = FALSE
	EndGlobalSection
	GlobalSection(ExtensibilityGlobals) = postSolution
		SolutionGuid = {DBAD0B82-7212-43FC-9399-4B0D765AD8A4}
	EndGlobalSection
EndGlobal
